// !$*UTF8*$!
{
	archiveVersion = 1;
	classes = {
	};
	objectVersion = 46;
	objects = {

/* Begin PBXFileReference section */
		1D332B3C16FF81AD009E401D /* .gitignore */ = {isa = PBXFileReference; lastKnownFileType = text; path = .gitignore; sourceTree = "<group>"; };
		1D332B3D16FF81D3009E401D /* README.md */ = {isa = PBXFileReference; lastKnownFileType = text; path = README.md; sourceTree = "<group>"; };
/* End PBXFileReference section */

/* Begin PBXGroup section */
		1D332B3516FF8176009E401D = {
			isa = PBXGroup;
			children = (
				1D332B3C16FF81AD009E401D /* .gitignore */,
				1D332B3D16FF81D3009E401D /* README.md */,
			);
			sourceTree = "<group>";
		};
/* End PBXGroup section */

/* Begin PBXProject section */
		1D332B3616FF8176009E401D /* Project object */ = {
			isa = PBXProject;
			attributes = {
				LastUpgradeCheck = 0460;
			};
			buildConfigurationList = 1D332B3916FF8176009E401D /* Build configuration list for PBXProject "dst2-osx" */;
			compatibilityVersion = "Xcode 3.2";
			developmentRegion = English;
			hasScannedForEncodings = 0;
			knownRegions = (
				en,
			);
			mainGroup = 1D332B3516FF8176009E401D;
			projectDirPath = "";
			projectRoot = "";
			targets = (
			);
		};
/* End PBXProject section */

/* Begin XCBuildConfiguration section */
		1D332B3A16FF8176009E401D /* Debug */ = {
			isa = XCBuildConfiguration;
			buildSettings = {
			};
			name = Debug;
		};
		1D332B3B16FF8176009E401D /* Release */ = {
			isa = XCBuildConfiguration;
			buildSettings = {
			};
			name = Release;
		};
/* End XCBuildConfiguration section */

/* Begin XCConfigurationList section */
		1D332B3916FF8176009E401D /* Build configuration list for PBXProject "dst2-osx" */ = {
			isa = XCConfigurationList;
			buildConfigurations = (
				1D332B3A16FF8176009E401D /* Debug */,
				1D332B3B16FF8176009E401D /* Release */,
			);
			defaultConfigurationIsVisible = 0;
			defaultConfigurationName = Release;
		};
/* End XCConfigurationList section */
	};
	rootObject = 1D332B3616FF8176009E401D /* Project object */;
}
